
Microsoft Visual Studio Solution File, Format Version 12.00
# Visual Studio Version 17
VisualStudioVersion = 17.14.37411.7
MinimumVisualStudioVersion = 10.0.40219.1
Project("{FAE04EC0-301F-11D3-BF4B-00C04F79EFBC}") = "task04", "task04\task04.csproj", "{B6010231-9C56-402E-986B-978454F70884}"
EndProject
Project("{FAE04EC0-301F-11D3-BF4B-00C04F79EFBC}") = "task04tests", "task04tests\task04tests.csproj", "{D5C12322-1C1C-485A-B4EF-EDA6C71C0856}"
EndProject
Global
	GlobalSection(SolutionConfigurationPlatforms) = preSolution
		Debug|Any CPU = Debug|Any CPU
		Debug|x64 = Debug|x64
		Debug|x86 = Debug|x86
		Release|Any CPU = Release|Any CPU
		Release|x64 = Release|x64
		Release|x86 = Release|x86
	EndGlobalSection
	GlobalSection(ProjectConfigurationPlatforms) = postSolution
		{B6010231-9C56-402E-986B-978454F70884}.Debug|Any CPU.ActiveCfg = Debug|Any CPU
		{B6010231-9C56-402E-986B-978454F70884}.Debug|Any CPU.Build.0 = Debug|Any CPU
		{B6010231-9C56-402E-986B-978454F70884}.Debug|x64.ActiveCfg = Debug|Any CPU
		{B6010231-9C56-402E-986B-978454F70884}.Debug|x64.Build.0 = Debug|Any CPU
		{B6010231-9C56-402E-986B-978454F70884}.Debug|x86.ActiveCfg = Debug|Any CPU
		{B6010231-9C56-402E-986B-978454F70884}.Debug|x86.Build.0 = Debug|Any CPU
		{B6010231-9C56-402E-986B-978454F70884}.Release|Any CPU.ActiveCfg = Release|Any CPU
		{B6010231-9C56-402E-986B-978454F70884}.Release|Any CPU.Build.0 = Release|Any CPU
		{B6010231-9C56-402E-986B-978454F70884}.Release|x64.ActiveCfg = Release|Any CPU
		{B6010231-9C56-402E-986B-978454F70884}.Release|x64.Build.0 = Release|Any CPU
		{B6010231-9C56-402E-986B-978454F70884}.Release|x86.ActiveCfg = Release|Any CPU
		{B6010231-9C56-402E-986B-978454F70884}.Release|x86.Build.0 = Release|Any CPU
		{D5C12322-1C1C-485A-B4EF-EDA6C71C0856}.Debug|Any CPU.ActiveCfg = Debug|Any CPU
		{D5C12322-1C1C-485A-B4EF-EDA6C71C0856}.Debug|Any CPU.Build.0 = Debug|Any CPU
		{D5C12322-1C1C-485A-B4EF-EDA6C71C0856}.Debug|x64.ActiveCfg = Debug|Any CPU
		{D5C12322-1C1C-485A-B4EF-EDA6C71C0856}.Debug|x64.Build.0 = Debug|Any CPU
		{D5C12322-1C1C-485A-B4EF-EDA6C71C0856}.Debug|x86.ActiveCfg = Debug|Any CPU
		{D5C12322-1C1C-485A-B4EF-EDA6C71C0856}.Debug|x86.Build.0 = Debug|Any CPU
		{D5C12322-1C1C-485A-B4EF-EDA6C71C0856}.Release|Any CPU.ActiveCfg = Release|Any CPU
		{D5C12322-1C1C-485A-B4EF-EDA6C71C0856}.Release|Any CPU.Build.0 = Release|Any CPU
		{D5C12322-1C1C-485A-B4EF-EDA6C71C0856}.Release|x64.ActiveCfg = Release|Any CPU
		{D5C12322-1C1C-485A-B4EF-EDA6C71C0856}.Release|x64.Build.0 = Release|Any CPU
		{D5C12322-1C1C-485A-B4EF-EDA6C71C0856}.Release|x86.ActiveCfg = Release|Any CPU
		{D5C12322-1C1C-485A-B4EF-EDA6C71C0856}.Release|x86.Build.0 = Release|Any CPU
	EndGlobalSection
	GlobalSection(SolutionProperties) = preSolution
		HideSolutionNode = FALSE
	EndGlobalSection
	GlobalSection(ExtensibilityGlobals) = postSolution
		SolutionGuid = {2E5930DA-F5F1-4E37-8CEA-C5317B803B80}
	EndGlobalSection
EndGlobal
